
Microsoft Visual Studio Solution File, Format Version 12.00
# Visual Studio Version 16
VisualStudioVersion = 16.0.32228.343
MinimumVisualStudioVersion = 10.0.40219.1
Project("{FAE04EC0-301F-11D3-BF4B-00C04F79EFBC}") = "B0226497_段昱如_PDPR_week12_1", "B0226497_段昱如_PDPR_week12_1.csproj", "{1545FAA0-ADC5-4FAE-AA80-498E019B6FAD}"
EndProject
Global
	GlobalSection(SolutionConfigurationPlatforms) = preSolution
		Debug|Any CPU = Debug|Any CPU
		Release|Any CPU = Release|Any CPU
	EndGlobalSection
	GlobalSection(ProjectConfigurationPlatforms) = postSolution
		{1545FAA0-ADC5-4FAE-AA80-498E019B6FAD}.Debug|Any CPU.ActiveCfg = Debug|Any CPU
		{1545FAA0-ADC5-4FAE-AA80-498E019B6FAD}.Debug|Any CPU.Build.0 = Debug|Any CPU
		{1545FAA0-ADC5-4FAE-AA80-498E019B6FAD}.Release|Any CPU.ActiveCfg = Release|Any CPU
		{1545FAA0-ADC5-4FAE-AA80-498E019B6FAD}.Release|Any CPU.Build.0 = Release|Any CPU
	EndGlobalSection
	GlobalSection(SolutionProperties) = preSolution
		HideSolutionNode = FALSE
	EndGlobalSection
	GlobalSection(ExtensibilityGlobals) = postSolution
		SolutionGuid = {8F839501-376B-483D-8288-54EF1177427D}
	EndGlobalSection
EndGlobal
